<?xml version="1.0" encoding="utf-8"?>
<Project ToolsVersion="4.0" xmlns="http://schemas.microsoft.com/developer/msbuild/2003">
  <ItemGroup>
    <Filter Include="EntryPoint">
      <UniqueIdentifier>{e4ee2187-baa3-4822-bbba-73ef79f2e16e}</UniqueIdentifier>
    </Filter>
    <Filter Include="Game">
      <UniqueIdentifier>{0c8ecce3-d6d0-40c7-a6f5-b135a61c326a}</UniqueIdentifier>
    </Filter>
    <Filter Include="Game\Items">
      <UniqueIdentifier>{b97ca220-4b39-47ee-896c-11698aa3d631}</UniqueIdentifier>
    </Filter>
    <Filter Include="Game\Characters">
      <UniqueIdentifier>{9022e625-25e3-467e-83f7-511618003ae1}</UniqueIdentifier>
    </Filter>
  </ItemGroup>
  <ItemGroup>
    <ClCompile Include="BendersBlackjack.cpp">
      <Filter>EntryPoint</Filter>
    </ClCompile>
    <ClCompile Include="pch.cpp">
      <Filter>Game</Filter>
    </ClCompile>
    <ClCompile Include="Game\Items\PhysicalItem.cpp">
      <Filter>Game\Items</Filter>
    </ClCompile>
    <ClCompile Include="Game\Items\Card.cpp">
      <Filter>Game\Items</Filter>
    </ClCompile>
    <ClCompile Include="Game\Characters\Character.cpp">
      <Filter>Game\Characters</Filter>
    </ClCompile>
    <ClCompile Include="Game\Characters\MainCharacter.cpp">
      <Filter>Game\Characters</Filter>
    </ClCompile>
    <ClCompile Include="Game\Characters\NPC.cpp">
      <Filter>Game\Characters</Filter>
    </ClCompile>
    <ClCompile Include="Game\CardFactory.cpp">
      <Filter>Game</Filter>
    </ClCompile>
    <ClCompile Include="Game\CharacterFactory.cpp">
      <Filter>Game</Filter>
    </ClCompile>
    <ClCompile Include="Game\Characters\Dealer.cpp">
      <Filter>Game\Characters</Filter>
    </ClCompile>
  </ItemGroup>
  <ItemGroup>
    <ClInclude Include="pch.h">
      <Filter>Game</Filter>
    </ClInclude>
    <ClInclude Include="Game\Items\PhysicalItem.h">
      <Filter>Game\Items</Filter>
    </ClInclude>
    <ClInclude Include="Game\Items\Card.h">
      <Filter>Game\Items</Filter>
    </ClInclude>
    <ClInclude Include="Game\Characters\Character.h">
      <Filter>Game\Characters</Filter>
    </ClInclude>
    <ClInclude Include="Game\Characters\MainCharactar.h">
      <Filter>Game\Characters</Filter>
    </ClInclude>
    <ClInclude Include="Game\Characters\NPC.h">
      <Filter>Game\Characters</Filter>
    </ClInclude>
    <ClInclude Include="Game\GameDefines.h">
      <Filter>Game</Filter>
    </ClInclude>
    <ClInclude Include="Game\CardFactory.h">
      <Filter>Game</Filter>
    </ClInclude>
    <ClInclude Include="Game\CharacterFactory.h">
      <Filter>Game</Filter>
    </ClInclude>
    <ClInclude Include="Game\Characters\Dealer.h">
      <Filter>Game\Characters</Filter>
    </ClInclude>
  </ItemGroup>
</Project>